
Microsoft Visual Studio Solution File, Format Version 12.00
# Visual Studio 15
VisualStudioVersion = 15.0.27703.2000
MinimumVisualStudioVersion = 10.0.40219.1
Project("{9A19103F-16F7-4668-BE54-9A1E7A4F7556}") = "Responder.Api", "Responder.Api\Responder.Api.csproj", "{87ECC985-5501-47B1-BF83-D1B90C1C2EC9}"
EndProject
Project("{E53339B2-1760-4266-BCC7-CA923CBCF16C}") = "docker-compose", "docker-compose.dcproj", "{23D1CE2A-BAC4-4E4D-8B3D-CDBCDE46D9B9}"
EndProject
Global
	GlobalSection(SolutionConfigurationPlatforms) = preSolution
		Debug|Any CPU = Debug|Any CPU
		Release|Any CPU = Release|Any CPU
	EndGlobalSection
	GlobalSection(ProjectConfigurationPlatforms) = postSolution
		{87ECC985-5501-47B1-BF83-D1B90C1C2EC9}.Debug|Any CPU.ActiveCfg = Debug|Any CPU
		{87ECC985-5501-47B1-BF83-D1B90C1C2EC9}.Debug|Any CPU.Build.0 = Debug|Any CPU
		{87ECC985-5501-47B1-BF83-D1B90C1C2EC9}.Release|Any CPU.ActiveCfg = Release|Any CPU
		{87ECC985-5501-47B1-BF83-D1B90C1C2EC9}.Release|Any CPU.Build.0 = Release|Any CPU
		{23D1CE2A-BAC4-4E4D-8B3D-CDBCDE46D9B9}.Debug|Any CPU.ActiveCfg = Debug|Any CPU
		{23D1CE2A-BAC4-4E4D-8B3D-CDBCDE46D9B9}.Debug|Any CPU.Build.0 = Debug|Any CPU
		{23D1CE2A-BAC4-4E4D-8B3D-CDBCDE46D9B9}.Release|Any CPU.ActiveCfg = Release|Any CPU
		{23D1CE2A-BAC4-4E4D-8B3D-CDBCDE46D9B9}.Release|Any CPU.Build.0 = Release|Any CPU
	EndGlobalSection
	GlobalSection(SolutionProperties) = preSolution
		HideSolutionNode = FALSE
	EndGlobalSection
	GlobalSection(ExtensibilityGlobals) = postSolution
		SolutionGuid = {13EB88E3-FB21-494B-BEB4-0247C8CA54EC}
	EndGlobalSection
EndGlobal
